
Microsoft Visual Studio Solution File, Format Version 12.00
# Visual Studio 2013
VisualStudioVersion = 12.0.40629.0
MinimumVisualStudioVersion = 10.0.40219.1
Project("{FAE04EC0-301F-11D3-BF4B-00C04F79EFBC}") = "LibroLib.Common", "LibroLib.Common\LibroLib.Common.csproj", "{B7942B2D-878D-4275-B547-671E60C06D3B}"
EndProject
Project("{FAE04EC0-301F-11D3-BF4B-00C04F79EFBC}") = "LibroLib.WebUtils", "LibroLib.WebUtils\LibroLib.WebUtils.csproj", "{CA74AA28-0F42-43B0-97C5-9C28148ADEEB}"
EndProject
Project("{2150E333-8FDC-42A3-9474-1A3956D46DE8}") = "Solution Files", "Solution Files", "{CD614A6D-FC61-4F96-82FA-BD3437836F18}"
	ProjectSection(SolutionItems) = preProject
		Build.bat = Build.bat
		CodeAnalysisRules.ruleset = CodeAnalysisRules.ruleset
		CustomDictionary.xml = CustomDictionary.xml
		EditStyleCopRules.bat = EditStyleCopRules.bat
		LibroLib-MIT-license.txt = LibroLib-MIT-license.txt
		LibroLib.ProjectVersion.txt = LibroLib.ProjectVersion.txt
		Settings.StyleCop = Settings.StyleCop
		todo.txt = todo.txt
	EndProjectSection
EndProject
Project("{FAE04EC0-301F-11D3-BF4B-00C04F79EFBC}") = "LibroLib.Tests", "LibroLib.Tests\LibroLib.Tests.csproj", "{D1E133C7-3EA8-43BE-AF8C-4AC8E9B715C5}"
EndProject
Project("{FAE04EC0-301F-11D3-BF4B-00C04F79EFBC}") = "BuildScripts", "BuildScripts\BuildScripts.csproj", "{A086C4A5-FA62-4F51-9CF0-2DD417084154}"
EndProject
Project("{2150E333-8FDC-42A3-9474-1A3956D46DE8}") = ".nuget", ".nuget", "{C6B7179E-28AC-4E2F-871A-D2E62C260FA7}"
	ProjectSection(SolutionItems) = preProject
		.nuget\packages.config = .nuget\packages.config
	EndProjectSection
EndProject
Global
	GlobalSection(SolutionConfigurationPlatforms) = preSolution
		Debug-3.5|Any CPU = Debug-3.5|Any CPU
		Debug-4.0|Any CPU = Debug-4.0|Any CPU
		Release-3.5|Any CPU = Release-3.5|Any CPU
	EndGlobalSection
	GlobalSection(ProjectConfigurationPlatforms) = postSolution
		{B7942B2D-878D-4275-B547-671E60C06D3B}.Debug-3.5|Any CPU.ActiveCfg = Debug-3.5|Any CPU
		{B7942B2D-878D-4275-B547-671E60C06D3B}.Debug-3.5|Any CPU.Build.0 = Debug-3.5|Any CPU
		{B7942B2D-878D-4275-B547-671E60C06D3B}.Debug-4.0|Any CPU.ActiveCfg = Debug-4.0|Any CPU
		{B7942B2D-878D-4275-B547-671E60C06D3B}.Debug-4.0|Any CPU.Build.0 = Debug-4.0|Any CPU
		{B7942B2D-878D-4275-B547-671E60C06D3B}.Release-3.5|Any CPU.ActiveCfg = Release-3.5|Any CPU
		{B7942B2D-878D-4275-B547-671E60C06D3B}.Release-3.5|Any CPU.Build.0 = Release-3.5|Any CPU
		{CA74AA28-0F42-43B0-97C5-9C28148ADEEB}.Debug-3.5|Any CPU.ActiveCfg = Debug-3.5|Any CPU
		{CA74AA28-0F42-43B0-97C5-9C28148ADEEB}.Debug-3.5|Any CPU.Build.0 = Debug-3.5|Any CPU
		{CA74AA28-0F42-43B0-97C5-9C28148ADEEB}.Debug-4.0|Any CPU.ActiveCfg = Debug-4.0|Any CPU
		{CA74AA28-0F42-43B0-97C5-9C28148ADEEB}.Debug-4.0|Any CPU.Build.0 = Debug-4.0|Any CPU
		{CA74AA28-0F42-43B0-97C5-9C28148ADEEB}.Release-3.5|Any CPU.ActiveCfg = Release-3.5|Any CPU
		{CA74AA28-0F42-43B0-97C5-9C28148ADEEB}.Release-3.5|Any CPU.Build.0 = Release-3.5|Any CPU
		{D1E133C7-3EA8-43BE-AF8C-4AC8E9B715C5}.Debug-3.5|Any CPU.ActiveCfg = Debug-3.5|Any CPU
		{D1E133C7-3EA8-43BE-AF8C-4AC8E9B715C5}.Debug-3.5|Any CPU.Build.0 = Debug-3.5|Any CPU
		{D1E133C7-3EA8-43BE-AF8C-4AC8E9B715C5}.Debug-4.0|Any CPU.ActiveCfg = Debug-4.0|Any CPU
		{D1E133C7-3EA8-43BE-AF8C-4AC8E9B715C5}.Debug-4.0|Any CPU.Build.0 = Debug-4.0|Any CPU
		{D1E133C7-3EA8-43BE-AF8C-4AC8E9B715C5}.Release-3.5|Any CPU.ActiveCfg = Release-3.5|Any CPU
		{D1E133C7-3EA8-43BE-AF8C-4AC8E9B715C5}.Release-3.5|Any CPU.Build.0 = Release-3.5|Any CPU
		{A086C4A5-FA62-4F51-9CF0-2DD417084154}.Debug-3.5|Any CPU.ActiveCfg = Debug 4.0|Any CPU
		{A086C4A5-FA62-4F51-9CF0-2DD417084154}.Debug-3.5|Any CPU.Build.0 = Debug 4.0|Any CPU
		{A086C4A5-FA62-4F51-9CF0-2DD417084154}.Debug-4.0|Any CPU.ActiveCfg = Debug 4.0|Any CPU
		{A086C4A5-FA62-4F51-9CF0-2DD417084154}.Debug-4.0|Any CPU.Build.0 = Debug 4.0|Any CPU
		{A086C4A5-FA62-4F51-9CF0-2DD417084154}.Release-3.5|Any CPU.ActiveCfg = Release|Any CPU
		{A086C4A5-FA62-4F51-9CF0-2DD417084154}.Release-3.5|Any CPU.Build.0 = Release|Any CPU
	EndGlobalSection
	GlobalSection(SolutionProperties) = preSolution
		HideSolutionNode = FALSE
	EndGlobalSection
EndGlobal
