
Microsoft Visual Studio Solution File, Format Version 12.00
# Visual Studio 15
VisualStudioVersion = 15.0.27130.2036
MinimumVisualStudioVersion = 10.0.40219.1
Project("{2150E333-8FDC-42A3-9474-1A3956D46DE8}") = "Solution Files", "Solution Files", "{CD614A6D-FC61-4F96-82FA-BD3437836F18}"
	ProjectSection(SolutionItems) = preProject
		Build.bat = Build.bat
		ca-tests.ruleset = ca-tests.ruleset
		ca.ruleset = ca.ruleset
		CodeAnalysisRules.ruleset = CodeAnalysisRules.ruleset
		EditStyleCopRules.bat = EditStyleCopRules.bat
		LibroLib-MIT-license.txt = LibroLib-MIT-license.txt
		LibroLib.ProjectVersion.txt = LibroLib.ProjectVersion.txt
		Settings.StyleCop = Settings.StyleCop
		todo.txt = todo.txt
	EndProjectSection
EndProject
Project("{FAE04EC0-301F-11D3-BF4B-00C04F79EFBC}") = "BuildScripts", "BuildScripts\BuildScripts.csproj", "{A086C4A5-FA62-4F51-9CF0-2DD417084154}"
EndProject
Project("{2150E333-8FDC-42A3-9474-1A3956D46DE8}") = ".nuget", ".nuget", "{C6B7179E-28AC-4E2F-871A-D2E62C260FA7}"
	ProjectSection(SolutionItems) = preProject
		.nuget\packages.config = .nuget\packages.config
	EndProjectSection
EndProject
Project("{9A19103F-16F7-4668-BE54-9A1E7A4F7556}") = "LibroLib.Common", "LibroLib.Common\LibroLib.Common.csproj", "{296046C7-C156-4593-9890-654BE97AD9CB}"
EndProject
Project("{9A19103F-16F7-4668-BE54-9A1E7A4F7556}") = "LibroLib.WebUtils", "LibroLib.WebUtils\LibroLib.WebUtils.csproj", "{39735582-6509-48A3-B03C-6A0444867518}"
EndProject
Project("{9A19103F-16F7-4668-BE54-9A1E7A4F7556}") = "LibroLib.Tests", "LibroLib.Tests\LibroLib.Tests.csproj", "{03AAB4C8-9AC3-46AE-9706-41A061EFBF86}"
EndProject
Global
	GlobalSection(SolutionConfigurationPlatforms) = preSolution
		Debug|Any CPU = Debug|Any CPU
		Debug-4.0|Any CPU = Debug-4.0|Any CPU
		Release|Any CPU = Release|Any CPU
		Release-4.0|Any CPU = Release-4.0|Any CPU
	EndGlobalSection
	GlobalSection(ProjectConfigurationPlatforms) = postSolution
		{A086C4A5-FA62-4F51-9CF0-2DD417084154}.Debug|Any CPU.ActiveCfg = Debug|Any CPU
		{A086C4A5-FA62-4F51-9CF0-2DD417084154}.Debug|Any CPU.Build.0 = Debug|Any CPU
		{A086C4A5-FA62-4F51-9CF0-2DD417084154}.Debug-4.0|Any CPU.ActiveCfg = Debug 4.0|Any CPU
		{A086C4A5-FA62-4F51-9CF0-2DD417084154}.Debug-4.0|Any CPU.Build.0 = Debug 4.0|Any CPU
		{A086C4A5-FA62-4F51-9CF0-2DD417084154}.Release|Any CPU.ActiveCfg = Release|Any CPU
		{A086C4A5-FA62-4F51-9CF0-2DD417084154}.Release|Any CPU.Build.0 = Release|Any CPU
		{A086C4A5-FA62-4F51-9CF0-2DD417084154}.Release-4.0|Any CPU.ActiveCfg = Release-4.0|Any CPU
		{A086C4A5-FA62-4F51-9CF0-2DD417084154}.Release-4.0|Any CPU.Build.0 = Release-4.0|Any CPU
		{296046C7-C156-4593-9890-654BE97AD9CB}.Debug|Any CPU.ActiveCfg = Debug|Any CPU
		{296046C7-C156-4593-9890-654BE97AD9CB}.Debug|Any CPU.Build.0 = Debug|Any CPU
		{296046C7-C156-4593-9890-654BE97AD9CB}.Debug-4.0|Any CPU.ActiveCfg = Debug|Any CPU
		{296046C7-C156-4593-9890-654BE97AD9CB}.Debug-4.0|Any CPU.Build.0 = Debug|Any CPU
		{296046C7-C156-4593-9890-654BE97AD9CB}.Release|Any CPU.ActiveCfg = Release|Any CPU
		{296046C7-C156-4593-9890-654BE97AD9CB}.Release|Any CPU.Build.0 = Release|Any CPU
		{296046C7-C156-4593-9890-654BE97AD9CB}.Release-4.0|Any CPU.ActiveCfg = Release|Any CPU
		{296046C7-C156-4593-9890-654BE97AD9CB}.Release-4.0|Any CPU.Build.0 = Release|Any CPU
		{39735582-6509-48A3-B03C-6A0444867518}.Debug|Any CPU.ActiveCfg = Debug|Any CPU
		{39735582-6509-48A3-B03C-6A0444867518}.Debug|Any CPU.Build.0 = Debug|Any CPU
		{39735582-6509-48A3-B03C-6A0444867518}.Debug-4.0|Any CPU.ActiveCfg = Debug|Any CPU
		{39735582-6509-48A3-B03C-6A0444867518}.Debug-4.0|Any CPU.Build.0 = Debug|Any CPU
		{39735582-6509-48A3-B03C-6A0444867518}.Release|Any CPU.ActiveCfg = Release|Any CPU
		{39735582-6509-48A3-B03C-6A0444867518}.Release|Any CPU.Build.0 = Release|Any CPU
		{39735582-6509-48A3-B03C-6A0444867518}.Release-4.0|Any CPU.ActiveCfg = Release|Any CPU
		{39735582-6509-48A3-B03C-6A0444867518}.Release-4.0|Any CPU.Build.0 = Release|Any CPU
		{03AAB4C8-9AC3-46AE-9706-41A061EFBF86}.Debug|Any CPU.ActiveCfg = Debug|Any CPU
		{03AAB4C8-9AC3-46AE-9706-41A061EFBF86}.Debug|Any CPU.Build.0 = Debug|Any CPU
		{03AAB4C8-9AC3-46AE-9706-41A061EFBF86}.Debug-4.0|Any CPU.ActiveCfg = Debug|Any CPU
		{03AAB4C8-9AC3-46AE-9706-41A061EFBF86}.Debug-4.0|Any CPU.Build.0 = Debug|Any CPU
		{03AAB4C8-9AC3-46AE-9706-41A061EFBF86}.Release|Any CPU.ActiveCfg = Release|Any CPU
		{03AAB4C8-9AC3-46AE-9706-41A061EFBF86}.Release|Any CPU.Build.0 = Release|Any CPU
		{03AAB4C8-9AC3-46AE-9706-41A061EFBF86}.Release-4.0|Any CPU.ActiveCfg = Release|Any CPU
		{03AAB4C8-9AC3-46AE-9706-41A061EFBF86}.Release-4.0|Any CPU.Build.0 = Release|Any CPU
	EndGlobalSection
	GlobalSection(SolutionProperties) = preSolution
		HideSolutionNode = FALSE
	EndGlobalSection
	GlobalSection(ExtensibilityGlobals) = postSolution
		SolutionGuid = {0A98FEAD-CE56-4FA4-9CFA-EB83FC5DADBB}
	EndGlobalSection
EndGlobal
